
Microsoft Visual Studio Solution File, Format Version 12.00
# Visual Studio Version 16
VisualStudioVersion = 16.0.30907.101
MinimumVisualStudioVersion = 10.0.40219.1
Project("{FAE04EC0-301F-11D3-BF4B-00C04F79EFBC}") = "ClassMethodDemo", "ClassMethodDemo\ClassMethodDemo.csproj", "{827FF1CA-F4EA-4E37-8AD9-98AB5401D3E0}"
EndProject
Global
	GlobalSection(SolutionConfigurationPlatforms) = preSolution
		Debug|Any CPU = Debug|Any CPU
		Release|Any CPU = Release|Any CPU
	EndGlobalSection
	GlobalSection(ProjectConfigurationPlatforms) = postSolution
		{827FF1CA-F4EA-4E37-8AD9-98AB5401D3E0}.Debug|Any CPU.ActiveCfg = Debug|Any CPU
		{827FF1CA-F4EA-4E37-8AD9-98AB5401D3E0}.Debug|Any CPU.Build.0 = Debug|Any CPU
		{827FF1CA-F4EA-4E37-8AD9-98AB5401D3E0}.Release|Any CPU.ActiveCfg = Release|Any CPU
		{827FF1CA-F4EA-4E37-8AD9-98AB5401D3E0}.Release|Any CPU.Build.0 = Release|Any CPU
	EndGlobalSection
	GlobalSection(SolutionProperties) = preSolution
		HideSolutionNode = FALSE
	EndGlobalSection
	GlobalSection(ExtensibilityGlobals) = postSolution
		SolutionGuid = {F845094D-B071-4541-82AA-EB0F99EA4E25}
	EndGlobalSection
EndGlobal
